
Microsoft Visual Studio Solution File, Format Version 12.00
Project("{FAE04EC0-301F-11D3-BF4B-00C04F79EFBC}") = "LibElectronAppApi", "LibElectronAppApi\LibElectronAppApi.csproj", "{F210BE73-3C9E-4D27-9F0D-5B4094ACDA40}"
EndProject
Project("{FAE04EC0-301F-11D3-BF4B-00C04F79EFBC}") = "ElectronAppApiHost", "ElectronAppApiHost\ElectronAppApiHost.csproj", "{7D0D9772-6F5A-4255-B694-67DBED5AA96B}"
EndProject
Project("{FAE04EC0-301F-11D3-BF4B-00C04F79EFBC}") = "ElectronAppApiTestHarness", "ElectronAppApiTestHarness\ElectronAppApiTestHarness.csproj", "{A601712B-0E49-4E7E-9475-B8045AB42E11}"
EndProject
Project("{FAE04EC0-301F-11D3-BF4B-00C04F79EFBC}") = "LibSqlite3Orm", "LibSqlite3Orm\LibSqlite3Orm.csproj", "{9580CC0C-9429-4CDF-A6EF-005DCFCC5510}"
EndProject
Project("{FAE04EC0-301F-11D3-BF4B-00C04F79EFBC}") = "LibSqlite3Orm.Tests", "LibSqlite3Orm.Tests\LibSqlite3Orm.Tests.csproj", "{33786EBB-D371-4F80-8412-F2212F3113EC}"
EndProject
Global
	GlobalSection(SolutionConfigurationPlatforms) = preSolution
		Release|x64 = Release|x64
		Release|Any CPU = Release|Any CPU
		Release|x86 = Release|x86
		Debug|x64 = Debug|x64
		Debug|Any CPU = Debug|Any CPU
		Debug|x86 = Debug|x86
	EndGlobalSection
	GlobalSection(ProjectConfigurationPlatforms) = postSolution
		{F210BE73-3C9E-4D27-9F0D-5B4094ACDA40}.Release|x64.ActiveCfg = Release|x64
		{F210BE73-3C9E-4D27-9F0D-5B4094ACDA40}.Release|x64.Build.0 = Release|x64
		{F210BE73-3C9E-4D27-9F0D-5B4094ACDA40}.Release|Any CPU.ActiveCfg = Release|Any CPU
		{F210BE73-3C9E-4D27-9F0D-5B4094ACDA40}.Release|Any CPU.Build.0 = Release|Any CPU
		{F210BE73-3C9E-4D27-9F0D-5B4094ACDA40}.Release|x86.ActiveCfg = Release|Any CPU
		{F210BE73-3C9E-4D27-9F0D-5B4094ACDA40}.Release|x86.Build.0 = Release|Any CPU
		{F210BE73-3C9E-4D27-9F0D-5B4094ACDA40}.Debug|x64.ActiveCfg = Debug|x64
		{F210BE73-3C9E-4D27-9F0D-5B4094ACDA40}.Debug|x64.Build.0 = Debug|x64
		{F210BE73-3C9E-4D27-9F0D-5B4094ACDA40}.Debug|Any CPU.ActiveCfg = Debug|Any CPU
		{F210BE73-3C9E-4D27-9F0D-5B4094ACDA40}.Debug|Any CPU.Build.0 = Debug|Any CPU
		{F210BE73-3C9E-4D27-9F0D-5B4094ACDA40}.Debug|x86.ActiveCfg = Debug|Any CPU
		{F210BE73-3C9E-4D27-9F0D-5B4094ACDA40}.Debug|x86.Build.0 = Debug|Any CPU
		{7D0D9772-6F5A-4255-B694-67DBED5AA96B}.Release|x64.ActiveCfg = Release|x64
		{7D0D9772-6F5A-4255-B694-67DBED5AA96B}.Release|x64.Build.0 = Release|x64
		{7D0D9772-6F5A-4255-B694-67DBED5AA96B}.Release|Any CPU.ActiveCfg = Release|Any CPU
		{7D0D9772-6F5A-4255-B694-67DBED5AA96B}.Release|Any CPU.Build.0 = Release|Any CPU
		{7D0D9772-6F5A-4255-B694-67DBED5AA96B}.Release|x86.ActiveCfg = Release|Any CPU
		{7D0D9772-6F5A-4255-B694-67DBED5AA96B}.Release|x86.Build.0 = Release|Any CPU
		{7D0D9772-6F5A-4255-B694-67DBED5AA96B}.Debug|x64.ActiveCfg = Debug|x64
		{7D0D9772-6F5A-4255-B694-67DBED5AA96B}.Debug|x64.Build.0 = Debug|x64
		{7D0D9772-6F5A-4255-B694-67DBED5AA96B}.Debug|Any CPU.ActiveCfg = Debug|Any CPU
		{7D0D9772-6F5A-4255-B694-67DBED5AA96B}.Debug|Any CPU.Build.0 = Debug|Any CPU
		{7D0D9772-6F5A-4255-B694-67DBED5AA96B}.Debug|x86.ActiveCfg = Debug|Any CPU
		{7D0D9772-6F5A-4255-B694-67DBED5AA96B}.Debug|x86.Build.0 = Debug|Any CPU
		{A601712B-0E49-4E7E-9475-B8045AB42E11}.Release|x64.ActiveCfg = Release|x64
		{A601712B-0E49-4E7E-9475-B8045AB42E11}.Release|x64.Build.0 = Release|x64
		{A601712B-0E49-4E7E-9475-B8045AB42E11}.Release|Any CPU.ActiveCfg = Release|Any CPU
		{A601712B-0E49-4E7E-9475-B8045AB42E11}.Release|Any CPU.Build.0 = Release|Any CPU
		{A601712B-0E49-4E7E-9475-B8045AB42E11}.Release|x86.ActiveCfg = Release|Any CPU
		{A601712B-0E49-4E7E-9475-B8045AB42E11}.Release|x86.Build.0 = Release|Any CPU
		{A601712B-0E49-4E7E-9475-B8045AB42E11}.Debug|x64.ActiveCfg = Debug|x64
		{A601712B-0E49-4E7E-9475-B8045AB42E11}.Debug|x64.Build.0 = Debug|x64
		{A601712B-0E49-4E7E-9475-B8045AB42E11}.Debug|Any CPU.ActiveCfg = Debug|Any CPU
		{A601712B-0E49-4E7E-9475-B8045AB42E11}.Debug|Any CPU.Build.0 = Debug|Any CPU
		{A601712B-0E49-4E7E-9475-B8045AB42E11}.Debug|x86.ActiveCfg = Debug|Any CPU
		{A601712B-0E49-4E7E-9475-B8045AB42E11}.Debug|x86.Build.0 = Debug|Any CPU
		{9580CC0C-9429-4CDF-A6EF-005DCFCC5510}.Release|x64.ActiveCfg = Release|Any CPU
		{9580CC0C-9429-4CDF-A6EF-005DCFCC5510}.Release|x64.Build.0 = Release|Any CPU
		{9580CC0C-9429-4CDF-A6EF-005DCFCC5510}.Release|Any CPU.ActiveCfg = Release|Any CPU
		{9580CC0C-9429-4CDF-A6EF-005DCFCC5510}.Release|Any CPU.Build.0 = Release|Any CPU
		{9580CC0C-9429-4CDF-A6EF-005DCFCC5510}.Release|x86.ActiveCfg = Release|Any CPU
		{9580CC0C-9429-4CDF-A6EF-005DCFCC5510}.Release|x86.Build.0 = Release|Any CPU
		{9580CC0C-9429-4CDF-A6EF-005DCFCC5510}.Debug|x64.ActiveCfg = Debug|Any CPU
		{9580CC0C-9429-4CDF-A6EF-005DCFCC5510}.Debug|x64.Build.0 = Debug|Any CPU
		{9580CC0C-9429-4CDF-A6EF-005DCFCC5510}.Debug|Any CPU.ActiveCfg = Debug|Any CPU
		{9580CC0C-9429-4CDF-A6EF-005DCFCC5510}.Debug|Any CPU.Build.0 = Debug|Any CPU
		{9580CC0C-9429-4CDF-A6EF-005DCFCC5510}.Debug|x86.ActiveCfg = Debug|Any CPU
		{9580CC0C-9429-4CDF-A6EF-005DCFCC5510}.Debug|x86.Build.0 = Debug|Any CPU
		{33786EBB-D371-4F80-8412-F2212F3113EC}.Release|x64.ActiveCfg = Release|Any CPU
		{33786EBB-D371-4F80-8412-F2212F3113EC}.Release|x64.Build.0 = Release|Any CPU
		{33786EBB-D371-4F80-8412-F2212F3113EC}.Release|Any CPU.ActiveCfg = Release|Any CPU
		{33786EBB-D371-4F80-8412-F2212F3113EC}.Release|Any CPU.Build.0 = Release|Any CPU
		{33786EBB-D371-4F80-8412-F2212F3113EC}.Release|x86.ActiveCfg = Release|Any CPU
		{33786EBB-D371-4F80-8412-F2212F3113EC}.Release|x86.Build.0 = Release|Any CPU
		{33786EBB-D371-4F80-8412-F2212F3113EC}.Debug|x64.ActiveCfg = Debug|Any CPU
		{33786EBB-D371-4F80-8412-F2212F3113EC}.Debug|x64.Build.0 = Debug|Any CPU
		{33786EBB-D371-4F80-8412-F2212F3113EC}.Debug|Any CPU.ActiveCfg = Debug|Any CPU
		{33786EBB-D371-4F80-8412-F2212F3113EC}.Debug|Any CPU.Build.0 = Debug|Any CPU
		{33786EBB-D371-4F80-8412-F2212F3113EC}.Debug|x86.ActiveCfg = Debug|Any CPU
		{33786EBB-D371-4F80-8412-F2212F3113EC}.Debug|x86.Build.0 = Debug|Any CPU
	EndGlobalSection
	GlobalSection(SolutionProperties) = preSolution
		HideSolutionNode = FALSE
	EndGlobalSection
EndGlobal
