
Microsoft Visual Studio Solution File, Format Version 12.00
Project("{FAE04EC0-301F-11D3-BF4B-00C04F79EFBC}") = "LibElectronAppApi", "LibElectronAppApi\LibElectronAppApi.csproj", "{F210BE73-3C9E-4D27-9F0D-5B4094ACDA40}"
EndProject
Project("{FAE04EC0-301F-11D3-BF4B-00C04F79EFBC}") = "ElectronAppApiHost", "ElectronAppApiHost\ElectronAppApiHost.csproj", "{7D0D9772-6F5A-4255-B694-67DBED5AA96B}"
EndProject
Project("{FAE04EC0-301F-11D3-BF4B-00C04F79EFBC}") = "ElectronAppApiTestHarness", "ElectronAppApiTestHarness\ElectronAppApiTestHarness.csproj", "{A601712B-0E49-4E7E-9475-B8045AB42E11}"
EndProject
Project("{FAE04EC0-301F-11D3-BF4B-00C04F79EFBC}") = "LibSqlite3Orm", "LibSqlite3Orm\LibSqlite3Orm.csproj", "{9580CC0C-9429-4CDF-A6EF-005DCFCC5510}"
EndProject
Project("{FAE04EC0-301F-11D3-BF4B-00C04F79EFBC}") = "LibSqlite3Orm.Tests", "LibSqlite3Orm.Tests\LibSqlite3Orm.Tests.csproj", "{3B80463D-C4C8-4748-A002-6B41134498C7}"
EndProject
Global
	GlobalSection(SolutionConfigurationPlatforms) = preSolution
		Release|x64 = Release|x64
		Debug|x64 = Debug|x64
	EndGlobalSection
	GlobalSection(ProjectConfigurationPlatforms) = postSolution
		{F210BE73-3C9E-4D27-9F0D-5B4094ACDA40}.Release|x64.ActiveCfg = Release|x64
		{F210BE73-3C9E-4D27-9F0D-5B4094ACDA40}.Release|x64.Build.0 = Release|x64
		{F210BE73-3C9E-4D27-9F0D-5B4094ACDA40}.Debug|x64.ActiveCfg = Debug|x64
		{F210BE73-3C9E-4D27-9F0D-5B4094ACDA40}.Debug|x64.Build.0 = Debug|x64
		{7D0D9772-6F5A-4255-B694-67DBED5AA96B}.Release|x64.ActiveCfg = Release|x64
		{7D0D9772-6F5A-4255-B694-67DBED5AA96B}.Release|x64.Build.0 = Release|x64
		{7D0D9772-6F5A-4255-B694-67DBED5AA96B}.Debug|x64.ActiveCfg = Debug|x64
		{7D0D9772-6F5A-4255-B694-67DBED5AA96B}.Debug|x64.Build.0 = Debug|x64
		{A601712B-0E49-4E7E-9475-B8045AB42E11}.Release|x64.ActiveCfg = Release|x64
		{A601712B-0E49-4E7E-9475-B8045AB42E11}.Release|x64.Build.0 = Release|x64
		{A601712B-0E49-4E7E-9475-B8045AB42E11}.Debug|x64.ActiveCfg = Debug|x64
		{A601712B-0E49-4E7E-9475-B8045AB42E11}.Debug|x64.Build.0 = Debug|x64
		{9580CC0C-9429-4CDF-A6EF-005DCFCC5510}.Debug|x64.ActiveCfg = Debug|x64
		{9580CC0C-9429-4CDF-A6EF-005DCFCC5510}.Debug|x64.Build.0 = Debug|x64
		{9580CC0C-9429-4CDF-A6EF-005DCFCC5510}.Release|x64.ActiveCfg = Release|x64
		{9580CC0C-9429-4CDF-A6EF-005DCFCC5510}.Release|x64.Build.0 = Release|x64
		{3B80463D-C4C8-4748-A002-6B41134498C7}.Debug|x64.ActiveCfg = Debug|x64
		{3B80463D-C4C8-4748-A002-6B41134498C7}.Debug|x64.Build.0 = Debug|x64
		{3B80463D-C4C8-4748-A002-6B41134498C7}.Release|x64.ActiveCfg = Release|x64
		{3B80463D-C4C8-4748-A002-6B41134498C7}.Release|x64.Build.0 = Release|x64
	EndGlobalSection
	GlobalSection(SolutionProperties) = preSolution
		HideSolutionNode = FALSE
	EndGlobalSection
EndGlobal
