
Microsoft Visual Studio Solution File, Format Version 12.00
Project("{FAE04EC0-301F-11D3-BF4B-00C04F79EFBC}") = "LibElectronAppApi", "LibElectronAppApi\LibElectronAppApi.csproj", "{F210BE73-3C9E-4D27-9F0D-5B4094ACDA40}"
EndProject
Project("{FAE04EC0-301F-11D3-BF4B-00C04F79EFBC}") = "ElectronAppApiHost", "ElectronAppApiHost\ElectronAppApiHost.csproj", "{7D0D9772-6F5A-4255-B694-67DBED5AA96B}"
EndProject
Project("{FAE04EC0-301F-11D3-BF4B-00C04F79EFBC}") = "ElectronAppApiTestHarness", "ElectronAppApiTestHarness\ElectronAppApiTestHarness.csproj", "{A601712B-0E49-4E7E-9475-B8045AB42E11}"
EndProject
Project("{FAE04EC0-301F-11D3-BF4B-00C04F79EFBC}") = "ElectronAppRebrander", "ElectronAppRebrander\ElectronAppRebrander.csproj", "{93BD5F60-1A5C-405B-AA39-4B74CE0B6257}"
EndProject
Project("{2150E333-8FDC-42A3-9474-1A3956D46DE8}") = "Tests", "Tests", "{80AD6BC8-DA9A-431C-BC75-526ADC3A315A}"
EndProject
Project("{FAE04EC0-301F-11D3-BF4B-00C04F79EFBC}") = "LibApiTests", "LibApiTests\LibApiTests.csproj", "{8B199636-1133-4B40-A97F-F63CBC09A184}"
EndProject
Project("{FAE04EC0-301F-11D3-BF4B-00C04F79EFBC}") = "LibElectronAppDemo", "LibElectronAppDemo\LibElectronAppDemo.csproj", "{0BD378F4-4D50-4800-887A-8790D775FD00}"
EndProject
Project("{FAE04EC0-301F-11D3-BF4B-00C04F79EFBC}") = "LibElectronAppApi.Shared", "LibElectronAppApi.Shared\LibElectronAppApi.Shared.csproj", "{F4E6224C-096C-4CD9-99C5-7D6273E293A2}"
EndProject
Global
	GlobalSection(SolutionConfigurationPlatforms) = preSolution
		Release|Any CPU = Release|Any CPU
		Debug|Any CPU = Debug|Any CPU
	EndGlobalSection
	GlobalSection(ProjectConfigurationPlatforms) = postSolution
		{7D0D9772-6F5A-4255-B694-67DBED5AA96B}.Release|Any CPU.ActiveCfg = Release|Any CPU
		{7D0D9772-6F5A-4255-B694-67DBED5AA96B}.Release|Any CPU.Build.0 = Release|Any CPU
		{7D0D9772-6F5A-4255-B694-67DBED5AA96B}.Debug|Any CPU.ActiveCfg = Debug|Any CPU
		{7D0D9772-6F5A-4255-B694-67DBED5AA96B}.Debug|Any CPU.Build.0 = Debug|Any CPU
		{A601712B-0E49-4E7E-9475-B8045AB42E11}.Release|Any CPU.ActiveCfg = Release|Any CPU
		{A601712B-0E49-4E7E-9475-B8045AB42E11}.Release|Any CPU.Build.0 = Release|Any CPU
		{A601712B-0E49-4E7E-9475-B8045AB42E11}.Debug|Any CPU.ActiveCfg = Debug|Any CPU
		{A601712B-0E49-4E7E-9475-B8045AB42E11}.Debug|Any CPU.Build.0 = Debug|Any CPU
		{F210BE73-3C9E-4D27-9F0D-5B4094ACDA40}.Release|Any CPU.ActiveCfg = Release|Any CPU
		{F210BE73-3C9E-4D27-9F0D-5B4094ACDA40}.Release|Any CPU.Build.0 = Release|Any CPU
		{F210BE73-3C9E-4D27-9F0D-5B4094ACDA40}.Debug|Any CPU.ActiveCfg = Debug|Any CPU
		{F210BE73-3C9E-4D27-9F0D-5B4094ACDA40}.Debug|Any CPU.Build.0 = Debug|Any CPU
		{93BD5F60-1A5C-405B-AA39-4B74CE0B6257}.Release|Any CPU.ActiveCfg = Release|Any CPU
		{93BD5F60-1A5C-405B-AA39-4B74CE0B6257}.Release|Any CPU.Build.0 = Release|Any CPU
		{93BD5F60-1A5C-405B-AA39-4B74CE0B6257}.Debug|Any CPU.ActiveCfg = Debug|Any CPU
		{93BD5F60-1A5C-405B-AA39-4B74CE0B6257}.Debug|Any CPU.Build.0 = Debug|Any CPU
		{8B199636-1133-4B40-A97F-F63CBC09A184}.Release|Any CPU.ActiveCfg = Release|Any CPU
		{8B199636-1133-4B40-A97F-F63CBC09A184}.Release|Any CPU.Build.0 = Release|Any CPU
		{8B199636-1133-4B40-A97F-F63CBC09A184}.Debug|Any CPU.ActiveCfg = Debug|Any CPU
		{8B199636-1133-4B40-A97F-F63CBC09A184}.Debug|Any CPU.Build.0 = Debug|Any CPU
		{0BD378F4-4D50-4800-887A-8790D775FD00}.Release|Any CPU.ActiveCfg = Release|Any CPU
		{0BD378F4-4D50-4800-887A-8790D775FD00}.Release|Any CPU.Build.0 = Release|Any CPU
		{0BD378F4-4D50-4800-887A-8790D775FD00}.Debug|Any CPU.ActiveCfg = Debug|Any CPU
		{0BD378F4-4D50-4800-887A-8790D775FD00}.Debug|Any CPU.Build.0 = Debug|Any CPU
		{F4E6224C-096C-4CD9-99C5-7D6273E293A2}.Release|Any CPU.ActiveCfg = Release|Any CPU
		{F4E6224C-096C-4CD9-99C5-7D6273E293A2}.Release|Any CPU.Build.0 = Release|Any CPU
		{F4E6224C-096C-4CD9-99C5-7D6273E293A2}.Debug|Any CPU.ActiveCfg = Debug|Any CPU
		{F4E6224C-096C-4CD9-99C5-7D6273E293A2}.Debug|Any CPU.Build.0 = Debug|Any CPU
	EndGlobalSection
	GlobalSection(SolutionProperties) = preSolution
		HideSolutionNode = FALSE
	EndGlobalSection
	GlobalSection(NestedProjects) = preSolution
		{8B199636-1133-4B40-A97F-F63CBC09A184} = {80AD6BC8-DA9A-431C-BC75-526ADC3A315A}
	EndGlobalSection
EndGlobal
